{
  "object": {
    "pins": [
      {
        "package": "CKB",
        "repositoryURL": "https://github.com/nervosnetwork/ckb-sdk-swift",
        "state": {
          "branch": null,
          "revision": "e19b559c0baf69b744d1142a6d2a08e9fd4ee2a8",
          "version": "0.13.0"
        }
      },
      {
        "package": "Clibsodium",
        "repositoryURL": "https://github.com/tiwoc/Clibsodium.git",
        "state": {
          "branch": null,
          "revision": "2ac72772aae26b2da0b15c253d9bb79ba452f66a",
          "version": "1.0.0"
        }
      },
      {
        "package": "CryptoSwift",
        "repositoryURL": "https://github.com/krzyzanowskim/CryptoSwift.git",
        "state": {
          "branch": null,
          "revision": "3a2acbb32ab68215ee1596ee6004da8e90c3721b",
          "version": "1.0.0"
        }
      },
      {
        "package": "secp256k1",
        "repositoryURL": "https://github.com/Boilertalk/secp256k1.swift.git",
        "state": {
          "branch": null,
          "revision": "823281fe9def21b384099b72a9a53ca988317b20",
          "version": "0.1.4"
        }
      },
      {
        "package": "Sodium",
        "repositoryURL": "https://github.com/jedisct1/swift-sodium.git",
        "state": {
          "branch": null,
          "revision": "5900a54dea817befa18f3148889fe922a38afe7f",
          "version": "0.8.0"
        }
      }
    ]
  },
  "version": 1
}
